
Microsoft Visual Studio Solution File, Format Version 12.00
# Visual Studio Version 16
VisualStudioVersion = 16.0.29519.181
MinimumVisualStudioVersion = 10.0.40219.1
Project("{FAE04EC0-301F-11D3-BF4B-00C04F79EFBC}") = "Calculatrice", "Calculatrice\Calculatrice.csproj", "{730AC53F-CE79-431B-92BB-27A7A2C0999D}"
EndProject
Global
	GlobalSection(SolutionConfigurationPlatforms) = preSolution
		Debug|Any CPU = Debug|Any CPU
		Release|Any CPU = Release|Any CPU
	EndGlobalSection
	GlobalSection(ProjectConfigurationPlatforms) = postSolution
		{730AC53F-CE79-431B-92BB-27A7A2C0999D}.Debug|Any CPU.ActiveCfg = Debug|Any CPU
		{730AC53F-CE79-431B-92BB-27A7A2C0999D}.Debug|Any CPU.Build.0 = Debug|Any CPU
		{730AC53F-CE79-431B-92BB-27A7A2C0999D}.Release|Any CPU.ActiveCfg = Release|Any CPU
		{730AC53F-CE79-431B-92BB-27A7A2C0999D}.Release|Any CPU.Build.0 = Release|Any CPU
	EndGlobalSection
	GlobalSection(SolutionProperties) = preSolution
		HideSolutionNode = FALSE
	EndGlobalSection
	GlobalSection(ExtensibilityGlobals) = postSolution
		SolutionGuid = {E36EE889-2C35-4E49-ACA0-9198067D1B89}
	EndGlobalSection
EndGlobal
